// !$*UTF8*$!
{
	archiveVersion = 1;
	classes = {
	};
	objectVersion = 55;
	objects = {

/* Begin PBXBuildFile section */
		1714AB3028D34A4000941372 /* AppDelegate.swift in Sources */ = {isa = PBXBuildFile; fileRef = 1714AB2F28D34A4000941372 /* AppDelegate.swift */; };
		1714AB3228D34A4000941372 /* SceneDelegate.swift in Sources */ = {isa = PBXBuildFile; fileRef = 1714AB3128D34A4000941372 /* SceneDelegate.swift */; };
		1714AB3428D34A4000941372 /* ViewController.swift in Sources */ = {isa = PBXBuildFile; fileRef = 1714AB3328D34A4000941372 /* ViewController.swift */; };
		1714AB3928D34A4200941372 /* Assets.xcassets in Resources */ = {isa = PBXBuildFile; fileRef = 1714AB3828D34A4200941372 /* Assets.xcassets */; };
		1714AB3C28D34A4200941372 /* LaunchScreen.storyboard in Resources */ = {isa = PBXBuildFile; fileRef = 1714AB3A28D34A4200941372 /* LaunchScreen.storyboard */; };
		173653C428D847E3004EA3DF /* NewsViewModel.swift in Sources */ = {isa = PBXBuildFile; fileRef = 173653C328D847E3004EA3DF /* NewsViewModel.swift */; };
		173653C628D849F1004EA3DF /* NewsListViewModel.swift in Sources */ = {isa = PBXBuildFile; fileRef = 173653C528D849F1004EA3DF /* NewsListViewModel.swift */; };
		173653C928D8507F004EA3DF /* HeaderView.swift in Sources */ = {isa = PBXBuildFile; fileRef = 173653C828D8507E004EA3DF /* HeaderView.swift */; };
		173653CC28D8568E004EA3DF /* ShadowImageView.swift in Sources */ = {isa = PBXBuildFile; fileRef = 173653CB28D8568E004EA3DF /* ShadowImageView.swift */; };
		173653CE28D88B07004EA3DF /* NewsTableViewCell.swift in Sources */ = {isa = PBXBuildFile; fileRef = 173653CD28D88B07004EA3DF /* NewsTableViewCell.swift */; };
		175A7F1928D5B8AC003EE890 /* APIKey.swift in Sources */ = {isa = PBXBuildFile; fileRef = 175A7F1828D5B8AC003EE890 /* APIKey.swift */; };
		175A7F1C28D5B95C003EE890 /* News.swift in Sources */ = {isa = PBXBuildFile; fileRef = 175A7F1B28D5B95C003EE890 /* News.swift */; };
		175A7F1F28D5BBC4003EE890 /* NetworkManager.swift in Sources */ = {isa = PBXBuildFile; fileRef = 175A7F1E28D5BBC4003EE890 /* NetworkManager.swift */; };
/* End PBXBuildFile section */

/* Begin PBXFileReference section */
		1714AB2C28D34A4000941372 /* NewsAppMVVM.app */ = {isa = PBXFileReference; explicitFileType = wrapper.application; includeInIndex = 0; path = NewsAppMVVM.app; sourceTree = BUILT_PRODUCTS_DIR; };
		1714AB2F28D34A4000941372 /* AppDelegate.swift */ = {isa = PBXFileReference; lastKnownFileType = sourcecode.swift; path = AppDelegate.swift; sourceTree = "<group>"; };
		1714AB3128D34A4000941372 /* SceneDelegate.swift */ = {isa = PBXFileReference; lastKnownFileType = sourcecode.swift; path = SceneDelegate.swift; sourceTree = "<group>"; };
		1714AB3328D34A4000941372 /* ViewController.swift */ = {isa = PBXFileReference; lastKnownFileType = sourcecode.swift; path = ViewController.swift; sourceTree = "<group>"; };
		1714AB3828D34A4200941372 /* Assets.xcassets */ = {isa = PBXFileReference; lastKnownFileType = folder.assetcatalog; path = Assets.xcassets; sourceTree = "<group>"; };
		1714AB3B28D34A4200941372 /* Base */ = {isa = PBXFileReference; lastKnownFileType = file.storyboard; name = Base; path = Base.lproj/LaunchScreen.storyboard; sourceTree = "<group>"; };
		1714AB3D28D34A4200941372 /* Info.plist */ = {isa = PBXFileReference; lastKnownFileType = text.plist.xml; path = Info.plist; sourceTree = "<group>"; };
		173653C328D847E3004EA3DF /* NewsViewModel.swift */ = {isa = PBXFileReference; lastKnownFileType = sourcecode.swift; path = NewsViewModel.swift; sourceTree = "<group>"; };
		173653C528D849F1004EA3DF /* NewsListViewModel.swift */ = {isa = PBXFileReference; lastKnownFileType = sourcecode.swift; path = NewsListViewModel.swift; sourceTree = "<group>"; };
		173653C828D8507E004EA3DF /* HeaderView.swift */ = {isa = PBXFileReference; lastKnownFileType = sourcecode.swift; path = HeaderView.swift; sourceTree = "<group>"; };
		173653CB28D8568E004EA3DF /* ShadowImageView.swift */ = {isa = PBXFileReference; lastKnownFileType = sourcecode.swift; path = ShadowImageView.swift; sourceTree = "<group>"; };
		173653CD28D88B07004EA3DF /* NewsTableViewCell.swift */ = {isa = PBXFileReference; lastKnownFileType = sourcecode.swift; path = NewsTableViewCell.swift; sourceTree = "<group>"; };
		175A7F1828D5B8AC003EE890 /* APIKey.swift */ = {isa = PBXFileReference; lastKnownFileType = sourcecode.swift; path = APIKey.swift; sourceTree = "<group>"; };
		175A7F1B28D5B95C003EE890 /* News.swift */ = {isa = PBXFileReference; lastKnownFileType = sourcecode.swift; path = News.swift; sourceTree = "<group>"; };
		175A7F1E28D5BBC4003EE890 /* NetworkManager.swift */ = {isa = PBXFileReference; lastKnownFileType = sourcecode.swift; path = NetworkManager.swift; sourceTree = "<group>"; };
/* End PBXFileReference section */

/* Begin PBXFrameworksBuildPhase section */
		1714AB2928D34A4000941372 /* Frameworks */ = {
			isa = PBXFrameworksBuildPhase;
			buildActionMask = 2147483647;
			files = (
			);
			runOnlyForDeploymentPostprocessing = 0;
		};
/* End PBXFrameworksBuildPhase section */

/* Begin PBXGroup section */
		1714AB2328D34A4000941372 = {
			isa = PBXGroup;
			children = (
				1714AB2E28D34A4000941372 /* NewsAppMVVM */,
				1714AB2D28D34A4000941372 /* Products */,
			);
			sourceTree = "<group>";
		};
		1714AB2D28D34A4000941372 /* Products */ = {
			isa = PBXGroup;
			children = (
				1714AB2C28D34A4000941372 /* NewsAppMVVM.app */,
			);
			name = Products;
			sourceTree = "<group>";
		};
		1714AB2E28D34A4000941372 /* NewsAppMVVM */ = {
			isa = PBXGroup;
			children = (
				173653C728D85074004EA3DF /* View */,
				173653C228D847D0004EA3DF /* ViewModel */,
				175A7F1D28D5BBB6003EE890 /* Service */,
				175A7F1A28D5B945003EE890 /* Model */,
				175A7F1728D5B89F003EE890 /* Config */,
				1714AB2F28D34A4000941372 /* AppDelegate.swift */,
				1714AB3128D34A4000941372 /* SceneDelegate.swift */,
				1714AB3328D34A4000941372 /* ViewController.swift */,
				1714AB3828D34A4200941372 /* Assets.xcassets */,
				1714AB3A28D34A4200941372 /* LaunchScreen.storyboard */,
				1714AB3D28D34A4200941372 /* Info.plist */,
			);
			path = NewsAppMVVM;
			sourceTree = "<group>";
		};
		173653C228D847D0004EA3DF /* ViewModel */ = {
			isa = PBXGroup;
			children = (
				173653C328D847E3004EA3DF /* NewsViewModel.swift */,
				173653C528D849F1004EA3DF /* NewsListViewModel.swift */,
			);
			path = ViewModel;
			sourceTree = "<group>";
		};
		173653C728D85074004EA3DF /* View */ = {
			isa = PBXGroup;
			children = (
				173653C828D8507E004EA3DF /* HeaderView.swift */,
				173653CB28D8568E004EA3DF /* ShadowImageView.swift */,
				173653CD28D88B07004EA3DF /* NewsTableViewCell.swift */,
			);
			path = View;
			sourceTree = "<group>";
		};
		175A7F1728D5B89F003EE890 /* Config */ = {
			isa = PBXGroup;
			children = (
				175A7F1828D5B8AC003EE890 /* APIKey.swift */,
			);
			path = Config;
			sourceTree = "<group>";
		};
		175A7F1A28D5B945003EE890 /* Model */ = {
			isa = PBXGroup;
			children = (
				175A7F1B28D5B95C003EE890 /* News.swift */,
			);
			path = Model;
			sourceTree = "<group>";
		};
		175A7F1D28D5BBB6003EE890 /* Service */ = {
			isa = PBXGroup;
			children = (
				175A7F1E28D5BBC4003EE890 /* NetworkManager.swift */,
			);
			path = Service;
			sourceTree = "<group>";
		};
/* End PBXGroup section */

/* Begin PBXNativeTarget section */
		1714AB2B28D34A4000941372 /* NewsAppMVVM */ = {
			isa = PBXNativeTarget;
			buildConfigurationList = 1714AB4028D34A4200941372 /* Build configuration list for PBXNativeTarget "NewsAppMVVM" */;
			buildPhases = (
				1714AB2828D34A4000941372 /* Sources */,
				1714AB2928D34A4000941372 /* Frameworks */,
				1714AB2A28D34A4000941372 /* Resources */,
			);
			buildRules = (
			);
			dependencies = (
			);
			name = NewsAppMVVM;
			productName = NewsAppMVVM;
			productReference = 1714AB2C28D34A4000941372 /* NewsAppMVVM.app */;
			productType = "com.apple.product-type.application";
		};
/* End PBXNativeTarget section */

/* Begin PBXProject section */
		1714AB2428D34A4000941372 /* Project object */ = {
			isa = PBXProject;
			attributes = {
				BuildIndependentTargetsInParallel = 1;
				LastSwiftUpdateCheck = 1330;
				LastUpgradeCheck = 1330;
				TargetAttributes = {
					1714AB2B28D34A4000941372 = {
						CreatedOnToolsVersion = 13.3.1;
					};
				};
			};
			buildConfigurationList = 1714AB2728D34A4000941372 /* Build configuration list for PBXProject "NewsAppMVVM" */;
			compatibilityVersion = "Xcode 13.0";
			developmentRegion = en;
			hasScannedForEncodings = 0;
			knownRegions = (
				en,
				Base,
			);
			mainGroup = 1714AB2328D34A4000941372;
			productRefGroup = 1714AB2D28D34A4000941372 /* Products */;
			projectDirPath = "";
			projectRoot = "";
			targets = (
				1714AB2B28D34A4000941372 /* NewsAppMVVM */,
			);
		};
/* End PBXProject section */

/* Begin PBXResourcesBuildPhase section */
		1714AB2A28D34A4000941372 /* Resources */ = {
			isa = PBXResourcesBuildPhase;
			buildActionMask = 2147483647;
			files = (
				1714AB3C28D34A4200941372 /* LaunchScreen.storyboard in Resources */,
				1714AB3928D34A4200941372 /* Assets.xcassets in Resources */,
			);
			runOnlyForDeploymentPostprocessing = 0;
		};
/* End PBXResourcesBuildPhase section */

/* Begin PBXSourcesBuildPhase section */
		1714AB2828D34A4000941372 /* Sources */ = {
			isa = PBXSourcesBuildPhase;
			buildActionMask = 2147483647;
			files = (
				175A7F1F28D5BBC4003EE890 /* NetworkManager.swift in Sources */,
				173653CE28D88B07004EA3DF /* NewsTableViewCell.swift in Sources */,
				173653C928D8507F004EA3DF /* HeaderView.swift in Sources */,
				1714AB3428D34A4000941372 /* ViewController.swift in Sources */,
				1714AB3028D34A4000941372 /* AppDelegate.swift in Sources */,
				175A7F1928D5B8AC003EE890 /* APIKey.swift in Sources */,
				173653C428D847E3004EA3DF /* NewsViewModel.swift in Sources */,
				175A7F1C28D5B95C003EE890 /* News.swift in Sources */,
				1714AB3228D34A4000941372 /* SceneDelegate.swift in Sources */,
				173653CC28D8568E004EA3DF /* ShadowImageView.swift in Sources */,
				173653C628D849F1004EA3DF /* NewsListViewModel.swift in Sources */,
			);
			runOnlyForDeploymentPostprocessing = 0;
		};
/* End PBXSourcesBuildPhase section */

/* Begin PBXVariantGroup section */
		1714AB3A28D34A4200941372 /* LaunchScreen.storyboard */ = {
			isa = PBXVariantGroup;
			children = (
				1714AB3B28D34A4200941372 /* Base */,
			);
			name = LaunchScreen.storyboard;
			sourceTree = "<group>";
		};
/* End PBXVariantGroup section */

/* Begin XCBuildConfiguration section */
		1714AB3E28D34A4200941372 /* Debug */ = {
			isa = XCBuildConfiguration;
			buildSettings = {
				ALWAYS_SEARCH_USER_PATHS = NO;
				CLANG_ANALYZER_NONNULL = YES;
				CLANG_ANALYZER_NUMBER_OBJECT_CONVERSION = YES_AGGRESSIVE;
				CLANG_CXX_LANGUAGE_STANDARD = "gnu++17";
				CLANG_ENABLE_MODULES = YES;
				CLANG_ENABLE_OBJC_ARC = YES;
				CLANG_ENABLE_OBJC_WEAK = YES;
				CLANG_WARN_BLOCK_CAPTURE_AUTORELEASING = YES;
				CLANG_WARN_BOOL_CONVERSION = YES;
				CLANG_WARN_COMMA = YES;
				CLANG_WARN_CONSTANT_CONVERSION = YES;
				CLANG_WARN_DEPRECATED_OBJC_IMPLEMENTATIONS = YES;
				CLANG_WARN_DIRECT_OBJC_ISA_USAGE = YES_ERROR;
				CLANG_WARN_DOCUMENTATION_COMMENTS = YES;
				CLANG_WARN_EMPTY_BODY = YES;
				CLANG_WARN_ENUM_CONVERSION = YES;
				CLANG_WARN_INFINITE_RECURSION = YES;
				CLANG_WARN_INT_CONVERSION = YES;
				CLANG_WARN_NON_LITERAL_NULL_CONVERSION = YES;
				CLANG_WARN_OBJC_IMPLICIT_RETAIN_SELF = YES;
				CLANG_WARN_OBJC_LITERAL_CONVERSION = YES;
				CLANG_WARN_OBJC_ROOT_CLASS = YES_ERROR;
				CLANG_WARN_QUOTED_INCLUDE_IN_FRAMEWORK_HEADER = YES;
				CLANG_WARN_RANGE_LOOP_ANALYSIS = YES;
				CLANG_WARN_STRICT_PROTOTYPES = YES;
				CLANG_WARN_SUSPICIOUS_MOVE = YES;
				CLANG_WARN_UNGUARDED_AVAILABILITY = YES_AGGRESSIVE;
				CLANG_WARN_UNREACHABLE_CODE = YES;
				CLANG_WARN__DUPLICATE_METHOD_MATCH = YES;
				COPY_PHASE_STRIP = NO;
				DEBUG_INFORMATION_FORMAT = dwarf;
				ENABLE_STRICT_OBJC_MSGSEND = YES;
				ENABLE_TESTABILITY = YES;
				GCC_C_LANGUAGE_STANDARD = gnu11;
				GCC_DYNAMIC_NO_PIC = NO;
				GCC_NO_COMMON_BLOCKS = YES;
				GCC_OPTIMIZATION_LEVEL = 0;
				GCC_PREPROCESSOR_DEFINITIONS = (
					"DEBUG=1",
					"$(inherited)",
				);
				GCC_WARN_64_TO_32_BIT_CONVERSION = YES;
				GCC_WARN_ABOUT_RETURN_TYPE = YES_ERROR;
				GCC_WARN_UNDECLARED_SELECTOR = YES;
				GCC_WARN_UNINITIALIZED_AUTOS = YES_AGGRESSIVE;
				GCC_WARN_UNUSED_FUNCTION = YES;
				GCC_WARN_UNUSED_VARIABLE = YES;
				IPHONEOS_DEPLOYMENT_TARGET = 15.4;
				MTL_ENABLE_DEBUG_INFO = INCLUDE_SOURCE;
				MTL_FAST_MATH = YES;
				ONLY_ACTIVE_ARCH = YES;
				SDKROOT = iphoneos;
				SWIFT_ACTIVE_COMPILATION_CONDITIONS = DEBUG;
				SWIFT_OPTIMIZATION_LEVEL = "-Onone";
			};
			name = Debug;
		};
		1714AB3F28D34A4200941372 /* Release */ = {
			isa = XCBuildConfiguration;
			buildSettings = {
				ALWAYS_SEARCH_USER_PATHS = NO;
				CLANG_ANALYZER_NONNULL = YES;
				CLANG_ANALYZER_NUMBER_OBJECT_CONVERSION = YES_AGGRESSIVE;
				CLANG_CXX_LANGUAGE_STANDARD = "gnu++17";
				CLANG_ENABLE_MODULES = YES;
				CLANG_ENABLE_OBJC_ARC = YES;
				CLANG_ENABLE_OBJC_WEAK = YES;
				CLANG_WARN_BLOCK_CAPTURE_AUTORELEASING = YES;
				CLANG_WARN_BOOL_CONVERSION = YES;
				CLANG_WARN_COMMA = YES;
				CLANG_WARN_CONSTANT_CONVERSION = YES;
				CLANG_WARN_DEPRECATED_OBJC_IMPLEMENTATIONS = YES;
				CLANG_WARN_DIRECT_OBJC_ISA_USAGE = YES_ERROR;
				CLANG_WARN_DOCUMENTATION_COMMENTS = YES;
				CLANG_WARN_EMPTY_BODY = YES;
				CLANG_WARN_ENUM_CONVERSION = YES;
				CLANG_WARN_INFINITE_RECURSION = YES;
				CLANG_WARN_INT_CONVERSION = YES;
				CLANG_WARN_NON_LITERAL_NULL_CONVERSION = YES;
				CLANG_WARN_OBJC_IMPLICIT_RETAIN_SELF = YES;
				CLANG_WARN_OBJC_LITERAL_CONVERSION = YES;
				CLANG_WARN_OBJC_ROOT_CLASS = YES_ERROR;
				CLANG_WARN_QUOTED_INCLUDE_IN_FRAMEWORK_HEADER = YES;
				CLANG_WARN_RANGE_LOOP_ANALYSIS = YES;
				CLANG_WARN_STRICT_PROTOTYPES = YES;
				CLANG_WARN_SUSPICIOUS_MOVE = YES;
				CLANG_WARN_UNGUARDED_AVAILABILITY = YES_AGGRESSIVE;
				CLANG_WARN_UNREACHABLE_CODE = YES;
				CLANG_WARN__DUPLICATE_METHOD_MATCH = YES;
				COPY_PHASE_STRIP = NO;
				DEBUG_INFORMATION_FORMAT = "dwarf-with-dsym";
				ENABLE_NS_ASSERTIONS = NO;
				ENABLE_STRICT_OBJC_MSGSEND = YES;
				GCC_C_LANGUAGE_STANDARD = gnu11;
				GCC_NO_COMMON_BLOCKS = YES;
				GCC_WARN_64_TO_32_BIT_CONVERSION = YES;
				GCC_WARN_ABOUT_RETURN_TYPE = YES_ERROR;
				GCC_WARN_UNDECLARED_SELECTOR = YES;
				GCC_WARN_UNINITIALIZED_AUTOS = YES_AGGRESSIVE;
				GCC_WARN_UNUSED_FUNCTION = YES;
				GCC_WARN_UNUSED_VARIABLE = YES;
				IPHONEOS_DEPLOYMENT_TARGET = 15.4;
				MTL_ENABLE_DEBUG_INFO = NO;
				MTL_FAST_MATH = YES;
				SDKROOT = iphoneos;
				SWIFT_COMPILATION_MODE = wholemodule;
				SWIFT_OPTIMIZATION_LEVEL = "-O";
				VALIDATE_PRODUCT = YES;
			};
			name = Release;
		};
		1714AB4128D34A4200941372 /* Debug */ = {
			isa = XCBuildConfiguration;
			buildSettings = {
				ASSETCATALOG_COMPILER_APPICON_NAME = AppIcon;
				ASSETCATALOG_COMPILER_GLOBAL_ACCENT_COLOR_NAME = AccentColor;
				CODE_SIGN_STYLE = Automatic;
				CURRENT_PROJECT_VERSION = 1;
				DEVELOPMENT_TEAM = UD84BLAXT6;
				GENERATE_INFOPLIST_FILE = YES;
				INFOPLIST_FILE = NewsAppMVVM/Info.plist;
				INFOPLIST_KEY_UIApplicationSupportsIndirectInputEvents = YES;
				INFOPLIST_KEY_UILaunchStoryboardName = LaunchScreen;
				INFOPLIST_KEY_UISupportedInterfaceOrientations_iPad = "UIInterfaceOrientationPortrait UIInterfaceOrientationPortraitUpsideDown UIInterfaceOrientationLandscapeLeft UIInterfaceOrientationLandscapeRight";
				INFOPLIST_KEY_UISupportedInterfaceOrientations_iPhone = "UIInterfaceOrientationPortrait UIInterfaceOrientationLandscapeLeft UIInterfaceOrientationLandscapeRight";
				LD_RUNPATH_SEARCH_PATHS = (
					"$(inherited)",
					"@executable_path/Frameworks",
				);
				MARKETING_VERSION = 1.0;
				PRODUCT_BUNDLE_IDENTIFIER = com.kiliclimehmetali.NewsAppMVVM;
				PRODUCT_NAME = "$(TARGET_NAME)";
				SWIFT_EMIT_LOC_STRINGS = YES;
				SWIFT_VERSION = 5.0;
				TARGETED_DEVICE_FAMILY = "1,2";
			};
			name = Debug;
		};
		1714AB4228D34A4200941372 /* Release */ = {
			isa = XCBuildConfiguration;
			buildSettings = {
				ASSETCATALOG_COMPILER_APPICON_NAME = AppIcon;
				ASSETCATALOG_COMPILER_GLOBAL_ACCENT_COLOR_NAME = AccentColor;
				CODE_SIGN_STYLE = Automatic;
				CURRENT_PROJECT_VERSION = 1;
				DEVELOPMENT_TEAM = UD84BLAXT6;
				GENERATE_INFOPLIST_FILE = YES;
				INFOPLIST_FILE = NewsAppMVVM/Info.plist;
				INFOPLIST_KEY_UIApplicationSupportsIndirectInputEvents = YES;
				INFOPLIST_KEY_UILaunchStoryboardName = LaunchScreen;
				INFOPLIST_KEY_UISupportedInterfaceOrientations_iPad = "UIInterfaceOrientationPortrait UIInterfaceOrientationPortraitUpsideDown UIInterfaceOrientationLandscapeLeft UIInterfaceOrientationLandscapeRight";
				INFOPLIST_KEY_UISupportedInterfaceOrientations_iPhone = "UIInterfaceOrientationPortrait UIInterfaceOrientationLandscapeLeft UIInterfaceOrientationLandscapeRight";
				LD_RUNPATH_SEARCH_PATHS = (
					"$(inherited)",
					"@executable_path/Frameworks",
				);
				MARKETING_VERSION = 1.0;
				PRODUCT_BUNDLE_IDENTIFIER = com.kiliclimehmetali.NewsAppMVVM;
				PRODUCT_NAME = "$(TARGET_NAME)";
				SWIFT_EMIT_LOC_STRINGS = YES;
				SWIFT_VERSION = 5.0;
				TARGETED_DEVICE_FAMILY = "1,2";
			};
			name = Release;
		};
/* End XCBuildConfiguration section */

/* Begin XCConfigurationList section */
		1714AB2728D34A4000941372 /* Build configuration list for PBXProject "NewsAppMVVM" */ = {
			isa = XCConfigurationList;
			buildConfigurations = (
				1714AB3E28D34A4200941372 /* Debug */,
				1714AB3F28D34A4200941372 /* Release */,
			);
			defaultConfigurationIsVisible = 0;
			defaultConfigurationName = Release;
		};
		1714AB4028D34A4200941372 /* Build configuration list for PBXNativeTarget "NewsAppMVVM" */ = {
			isa = XCConfigurationList;
			buildConfigurations = (
				1714AB4128D34A4200941372 /* Debug */,
				1714AB4228D34A4200941372 /* Release */,
			);
			defaultConfigurationIsVisible = 0;
			defaultConfigurationName = Release;
		};
/* End XCConfigurationList section */
	};
	rootObject = 1714AB2428D34A4000941372 /* Project object */;
}
